<?xml version="1.0" encoding="utf-8"?>
<Project ToolsVersion="4.0" xmlns="http://schemas.microsoft.com/developer/msbuild/2003">
  <ItemGroup>
    <Filter Include="Source Files">
      <UniqueIdentifier>{4FC737F1-C7A5-4376-A066-2A32D752A2FF}</UniqueIdentifier>
      <Extensions>cpp;c;cc;cxx;c++;cppm;ixx;def;odl;idl;hpj;bat;asm;asmx</Extensions>
    </Filter>
    <Filter Include="Header Files">
      <UniqueIdentifier>{93995380-89BD-4b04-88EB-625FBE52EBFB}</UniqueIdentifier>
      <Extensions>h;hh;hpp;hxx;h++;hm;inl;inc;ipp;xsd</Extensions>
    </Filter>
    <Filter Include="Resource Files">
      <UniqueIdentifier>{67DA6AB6-F800-4c08-8B7A-83BB121AAD01}</UniqueIdentifier>
      <Extensions>rc;ico;cur;bmp;dlg;rc2;rct;bin;rgs;gif;jpg;jpeg;jpe;resx;tiff;tif;png;wav;mfcribbon-ms</Extensions>
    </Filter>
    <Filter Include="Include Files">
      <UniqueIdentifier>{38c813b8-b28b-4edd-a442-8f42bc6ac889}</UniqueIdentifier>
    </Filter>
    <Filter Include="Document Files">
      <UniqueIdentifier>{058d828b-7c7e-4711-b27c-82f4f49e745e}</UniqueIdentifier>
    </Filter>
    <Filter Include="Document Files\Doxygen Files">
      <UniqueIdentifier>{c5de9668-14bb-4d1a-9f32-6dbfa6ab8353}</UniqueIdentifier>
    </Filter>
    <Filter Include="Document Files\Markdown Files">
      <UniqueIdentifier>{7286ffc6-1949-4a41-a5a0-722570ee04d3}</UniqueIdentifier>
    </Filter>
  </ItemGroup>
  <ItemGroup>
    <ClCompile Include="code\src\exceptions.cpp">
      <Filter>Source Files</Filter>
    </ClCompile>
    <ClCompile Include="code\src\sstring.cpp">
      <Filter>Source Files</Filter>
    </ClCompile>
    <ClCompile Include="code\src\date.cpp">
      <Filter>Source Files</Filter>
    </ClCompile>
    <ClCompile Include="code\src\time.cpp">
      <Filter>Source Files</Filter>
    </ClCompile>
    <ClCompile Include="code\src\timestamp.cpp">
      <Filter>Source Files</Filter>
    </ClCompile>
    <ClCompile Include="code\src\datetimebase.cpp">
      <Filter>Source Files</Filter>
    </ClCompile>
    <ClCompile Include="code\src\datetime.cpp">
      <Filter>Source Files</Filter>
    </ClCompile>
    <ClCompile Include="code\src\natural.cpp">
      <Filter>Source Files</Filter>
    </ClCompile>
    <ClCompile Include="code\src\integer.cpp">
      <Filter>Source Files</Filter>
    </ClCompile>
    <ClCompile Include="code\src\real.cpp">
      <Filter>Source Files</Filter>
    </ClCompile>
    <ClCompile Include="code\src\decimal.cpp">
      <Filter>Source Files</Filter>
    </ClCompile>
    <ClCompile Include="code\src\path.cpp">
      <Filter>Source Files</Filter>
    </ClCompile>
  </ItemGroup>
  <ItemGroup>
    <ClInclude Include="code\include\spimpl.hpp">
      <Filter>Header Files</Filter>
    </ClInclude>
    <ClInclude Include="code\include\spimplmc.hpp">
      <Filter>Header Files</Filter>
    </ClInclude>
    <ClInclude Include="code\include\spimplc.hpp">
      <Filter>Header Files</Filter>
    </ClInclude>
    <ClInclude Include="code\include\smimplm.hpp">
      <Filter>Header Files</Filter>
    </ClInclude>
    <ClInclude Include="code\include\exceptions.hpp">
      <Filter>Header Files</Filter>
    </ClInclude>
    <ClInclude Include="code\include\config.h">
      <Filter>Header Files</Filter>
    </ClInclude>
    <ClInclude Include="code\include\msg_locale.hpp">
      <Filter>Header Files</Filter>
    </ClInclude>
    <ClInclude Include="code\include\libconfig.hpp">
      <Filter>Header Files</Filter>
    </ClInclude>
    <ClInclude Include="code\include\sstring.hpp">
      <Filter>Header Files</Filter>
    </ClInclude>
    <ClInclude Include="code\include\timestamp.hpp">
      <Filter>Header Files</Filter>
    </ClInclude>
    <ClInclude Include="code\include\date.hpp">
      <Filter>Header Files</Filter>
    </ClInclude>
    <ClInclude Include="code\include\time.hpp">
      <Filter>Header Files</Filter>
    </ClInclude>
    <ClInclude Include="code\include\jggtools.hpp">
      <Filter>Header Files</Filter>
    </ClInclude>
    <ClInclude Include="code\include\datetimebase.hpp">
      <Filter>Header Files</Filter>
    </ClInclude>
    <ClInclude Include="code\include\datetime.hpp">
      <Filter>Header Files</Filter>
    </ClInclude>
    <ClInclude Include="code\include\natural.hpp">
      <Filter>Header Files</Filter>
    </ClInclude>
    <ClInclude Include="code\include\integer.hpp">
      <Filter>Header Files</Filter>
    </ClInclude>
    <ClInclude Include="code\include\real.hpp">
      <Filter>Header Files</Filter>
    </ClInclude>
    <ClInclude Include="code\include\decimal.hpp">
      <Filter>Header Files</Filter>
    </ClInclude>
    <ClInclude Include="code\include\path.hpp">
      <Filter>Header Files</Filter>
    </ClInclude>
  </ItemGroup>
  <ItemGroup>
    <None Include="code\include\cpp.hint">
      <Filter>Header Files</Filter>
    </None>
    <None Include="doc\doxygen\jggtools.dox">
      <Filter>Document Files\Doxygen Files</Filter>
    </None>
  </ItemGroup>
</Project>